
Microsoft Visual Studio Solution File, Format Version 12.00
# Visual Studio Version 17
VisualStudioVersion = 17.7.34009.444
MinimumVisualStudioVersion = 10.0.40219.1
Project("{FAE04EC0-301F-11D3-BF4B-00C04F79EFBC}") = "UniModBus", "UniModBus\UniModBus.csproj", "{DEC0DDEE-6C01-4AC0-9480-B750FD8F7069}"
EndProject
Global
	GlobalSection(SolutionConfigurationPlatforms) = preSolution
		Debug|Any CPU = Debug|Any CPU
		Release|Any CPU = Release|Any CPU
	EndGlobalSection
	GlobalSection(ProjectConfigurationPlatforms) = postSolution
		{DEC0DDEE-6C01-4AC0-9480-B750FD8F7069}.Debug|Any CPU.ActiveCfg = Debug|Any CPU
		{DEC0DDEE-6C01-4AC0-9480-B750FD8F7069}.Debug|Any CPU.Build.0 = Debug|Any CPU
		{DEC0DDEE-6C01-4AC0-9480-B750FD8F7069}.Release|Any CPU.ActiveCfg = Release|Any CPU
		{DEC0DDEE-6C01-4AC0-9480-B750FD8F7069}.Release|Any CPU.Build.0 = Release|Any CPU
	EndGlobalSection
	GlobalSection(SolutionProperties) = preSolution
		HideSolutionNode = FALSE
	EndGlobalSection
	GlobalSection(ExtensibilityGlobals) = postSolution
		SolutionGuid = {B7F57108-5F19-4620-949A-5A25F1978FD1}
	EndGlobalSection
EndGlobal
